// !$*UTF8*$!
{
	archiveVersion = 1;
	classes = {
	};
	objectVersion = 50;
	objects = {

/* Begin PBXBuildFile section */
		30E2B11DC2A8FB3C744540AB /* Pods_SnapKit_Demo.framework in Frameworks */ = {isa = PBXBuildFile; fileRef = 5DABCA254303423B35DE9CFD /* Pods_SnapKit_Demo.framework */; };
		9F867C9D22733CE1001DEF8D /* AppDelegate.swift in Sources */ = {isa = PBXBuildFile; fileRef = 9F867C9C22733CE1001DEF8D /* AppDelegate.swift */; };
		9F867C9F22733CE1001DEF8D /* ViewController.swift in Sources */ = {isa = PBXBuildFile; fileRef = 9F867C9E22733CE1001DEF8D /* ViewController.swift */; };
		9F867CA222733CE1001DEF8D /* Main.storyboard in Resources */ = {isa = PBXBuildFile; fileRef = 9F867CA022733CE1001DEF8D /* Main.storyboard */; };
		9F867CA422733CE5001DEF8D /* Assets.xcassets in Resources */ = {isa = PBXBuildFile; fileRef = 9F867CA322733CE5001DEF8D /* Assets.xcassets */; };
		9F867CA722733CE5001DEF8D /* LaunchScreen.storyboard in Resources */ = {isa = PBXBuildFile; fileRef = 9F867CA522733CE5001DEF8D /* LaunchScreen.storyboard */; };
/* End PBXBuildFile section */

/* Begin PBXFileReference section */
		09F9F54EEC6AABD3A40F32DF /* Pods-SnapKit_Demo.release.xcconfig */ = {isa = PBXFileReference; includeInIndex = 1; lastKnownFileType = text.xcconfig; name = "Pods-SnapKit_Demo.release.xcconfig"; path = "Target Support Files/Pods-SnapKit_Demo/Pods-SnapKit_Demo.release.xcconfig"; sourceTree = "<group>"; };
		5DABCA254303423B35DE9CFD /* Pods_SnapKit_Demo.framework */ = {isa = PBXFileReference; explicitFileType = wrapper.framework; includeInIndex = 0; path = Pods_SnapKit_Demo.framework; sourceTree = BUILT_PRODUCTS_DIR; };
		9F867C9922733CE1001DEF8D /* SnapKit_Demo.app */ = {isa = PBXFileReference; explicitFileType = wrapper.application; includeInIndex = 0; path = SnapKit_Demo.app; sourceTree = BUILT_PRODUCTS_DIR; };
		9F867C9C22733CE1001DEF8D /* AppDelegate.swift */ = {isa = PBXFileReference; lastKnownFileType = sourcecode.swift; path = AppDelegate.swift; sourceTree = "<group>"; };
		9F867C9E22733CE1001DEF8D /* ViewController.swift */ = {isa = PBXFileReference; lastKnownFileType = sourcecode.swift; path = ViewController.swift; sourceTree = "<group>"; };
		9F867CA122733CE1001DEF8D /* Base */ = {isa = PBXFileReference; lastKnownFileType = file.storyboard; name = Base; path = Base.lproj/Main.storyboard; sourceTree = "<group>"; };
		9F867CA322733CE5001DEF8D /* Assets.xcassets */ = {isa = PBXFileReference; lastKnownFileType = folder.assetcatalog; path = Assets.xcassets; sourceTree = "<group>"; };
		9F867CA622733CE5001DEF8D /* Base */ = {isa = PBXFileReference; lastKnownFileType = file.storyboard; name = Base; path = Base.lproj/LaunchScreen.storyboard; sourceTree = "<group>"; };
		9F867CA822733CE5001DEF8D /* Info.plist */ = {isa = PBXFileReference; lastKnownFileType = text.plist.xml; path = Info.plist; sourceTree = "<group>"; };
		DB04B66BB9E854FEEAA92493 /* Pods-SnapKit_Demo.debug.xcconfig */ = {isa = PBXFileReference; includeInIndex = 1; lastKnownFileType = text.xcconfig; name = "Pods-SnapKit_Demo.debug.xcconfig"; path = "Target Support Files/Pods-SnapKit_Demo/Pods-SnapKit_Demo.debug.xcconfig"; sourceTree = "<group>"; };
/* End PBXFileReference section */

/* Begin PBXFrameworksBuildPhase section */
		9F867C9622733CE1001DEF8D /* Frameworks */ = {
			isa = PBXFrameworksBuildPhase;
			buildActionMask = 2147483647;
			files = (
				30E2B11DC2A8FB3C744540AB /* Pods_SnapKit_Demo.framework in Frameworks */,
			);
			runOnlyForDeploymentPostprocessing = 0;
		};
/* End PBXFrameworksBuildPhase section */

/* Begin PBXGroup section */
		2916D57930D9D2D7F3A9885F /* Pods */ = {
			isa = PBXGroup;
			children = (
				DB04B66BB9E854FEEAA92493 /* Pods-SnapKit_Demo.debug.xcconfig */,
				09F9F54EEC6AABD3A40F32DF /* Pods-SnapKit_Demo.release.xcconfig */,
			);
			name = Pods;
			path = Pods;
			sourceTree = "<group>";
		};
		3D1BB6405B62EDE06BEC8E10 /* Frameworks */ = {
			isa = PBXGroup;
			children = (
				5DABCA254303423B35DE9CFD /* Pods_SnapKit_Demo.framework */,
			);
			name = Frameworks;
			sourceTree = "<group>";
		};
		9F867C9022733CE1001DEF8D = {
			isa = PBXGroup;
			children = (
				9F867C9B22733CE1001DEF8D /* SnapKit_Demo */,
				9F867C9A22733CE1001DEF8D /* Products */,
				2916D57930D9D2D7F3A9885F /* Pods */,
				3D1BB6405B62EDE06BEC8E10 /* Frameworks */,
			);
			sourceTree = "<group>";
		};
		9F867C9A22733CE1001DEF8D /* Products */ = {
			isa = PBXGroup;
			children = (
				9F867C9922733CE1001DEF8D /* SnapKit_Demo.app */,
			);
			name = Products;
			sourceTree = "<group>";
		};
		9F867C9B22733CE1001DEF8D /* SnapKit_Demo */ = {
			isa = PBXGroup;
			children = (
				9F867C9C22733CE1001DEF8D /* AppDelegate.swift */,
				9F867C9E22733CE1001DEF8D /* ViewController.swift */,
				9F867CA022733CE1001DEF8D /* Main.storyboard */,
				9F867CA322733CE5001DEF8D /* Assets.xcassets */,
				9F867CA522733CE5001DEF8D /* LaunchScreen.storyboard */,
				9F867CA822733CE5001DEF8D /* Info.plist */,
			);
			path = SnapKit_Demo;
			sourceTree = "<group>";
		};
/* End PBXGroup section */

/* Begin PBXNativeTarget section */
		9F867C9822733CE1001DEF8D /* SnapKit_Demo */ = {
			isa = PBXNativeTarget;
			buildConfigurationList = 9F867CAB22733CE5001DEF8D /* Build configuration list for PBXNativeTarget "SnapKit_Demo" */;
			buildPhases = (
				A7A8924DC8C341C43A480668 /* [CP] Check Pods Manifest.lock */,
				9F867C9522733CE1001DEF8D /* Sources */,
				9F867C9622733CE1001DEF8D /* Frameworks */,
				9F867C9722733CE1001DEF8D /* Resources */,
				F630970FCAFAB50A7B81381A /* [CP] Embed Pods Frameworks */,
			);
			buildRules = (
			);
			dependencies = (
			);
			name = SnapKit_Demo;
			productName = SnapKit_Demo;
			productReference = 9F867C9922733CE1001DEF8D /* SnapKit_Demo.app */;
			productType = "com.apple.product-type.application";
		};
/* End PBXNativeTarget section */

/* Begin PBXProject section */
		9F867C9122733CE1001DEF8D /* Project object */ = {
			isa = PBXProject;
			attributes = {
				LastSwiftUpdateCheck = 1010;
				LastUpgradeCheck = 1010;
				ORGANIZATIONNAME = "GIT p501";
				TargetAttributes = {
					9F867C9822733CE1001DEF8D = {
						CreatedOnToolsVersion = 10.1;
					};
				};
			};
			buildConfigurationList = 9F867C9422733CE1001DEF8D /* Build configuration list for PBXProject "SnapKit_Demo" */;
			compatibilityVersion = "Xcode 9.3";
			developmentRegion = en;
			hasScannedForEncodings = 0;
			knownRegions = (
				en,
				Base,
			);
			mainGroup = 9F867C9022733CE1001DEF8D;
			productRefGroup = 9F867C9A22733CE1001DEF8D /* Products */;
			projectDirPath = "";
			projectRoot = "";
			targets = (
				9F867C9822733CE1001DEF8D /* SnapKit_Demo */,
			);
		};
/* End PBXProject section */

/* Begin PBXResourcesBuildPhase section */
		9F867C9722733CE1001DEF8D /* Resources */ = {
			isa = PBXResourcesBuildPhase;
			buildActionMask = 2147483647;
			files = (
				9F867CA722733CE5001DEF8D /* LaunchScreen.storyboard in Resources */,
				9F867CA422733CE5001DEF8D /* Assets.xcassets in Resources */,
				9F867CA222733CE1001DEF8D /* Main.storyboard in Resources */,
			);
			runOnlyForDeploymentPostprocessing = 0;
		};
/* End PBXResourcesBuildPhase section */

/* Begin PBXShellScriptBuildPhase section */
		A7A8924DC8C341C43A480668 /* [CP] Check Pods Manifest.lock */ = {
			isa = PBXShellScriptBuildPhase;
			buildActionMask = 2147483647;
			files = (
			);
			inputFileListPaths = (
			);
			inputPaths = (
				"${PODS_PODFILE_DIR_PATH}/Podfile.lock",
				"${PODS_ROOT}/Manifest.lock",
			);
			name = "[CP] Check Pods Manifest.lock";
			outputFileListPaths = (
			);
			outputPaths = (
				"$(DERIVED_FILE_DIR)/Pods-SnapKit_Demo-checkManifestLockResult.txt",
			);
			runOnlyForDeploymentPostprocessing = 0;
			shellPath = /bin/sh;
			shellScript = "diff \"${PODS_PODFILE_DIR_PATH}/Podfile.lock\" \"${PODS_ROOT}/Manifest.lock\" > /dev/null\nif [ $? != 0 ] ; then\n    # print error to STDERR\n    echo \"error: The sandbox is not in sync with the Podfile.lock. Run 'pod install' or update your CocoaPods installation.\" >&2\n    exit 1\nfi\n# This output is used by Xcode 'outputs' to avoid re-running this script phase.\necho \"SUCCESS\" > \"${SCRIPT_OUTPUT_FILE_0}\"\n";
			showEnvVarsInLog = 0;
		};
		F630970FCAFAB50A7B81381A /* [CP] Embed Pods Frameworks */ = {
			isa = PBXShellScriptBuildPhase;
			buildActionMask = 2147483647;
			files = (
			);
			inputFileListPaths = (
			);
			inputPaths = (
				"${PODS_ROOT}/Target Support Files/Pods-SnapKit_Demo/Pods-SnapKit_Demo-frameworks.sh",
				"${BUILT_PRODUCTS_DIR}/SnapKit/SnapKit.framework",
			);
			name = "[CP] Embed Pods Frameworks";
			outputFileListPaths = (
			);
			outputPaths = (
				"${TARGET_BUILD_DIR}/${FRAMEWORKS_FOLDER_PATH}/SnapKit.framework",
			);
			runOnlyForDeploymentPostprocessing = 0;
			shellPath = /bin/sh;
			shellScript = "\"${PODS_ROOT}/Target Support Files/Pods-SnapKit_Demo/Pods-SnapKit_Demo-frameworks.sh\"\n";
			showEnvVarsInLog = 0;
		};
/* End PBXShellScriptBuildPhase section */

/* Begin PBXSourcesBuildPhase section */
		9F867C9522733CE1001DEF8D /* Sources */ = {
			isa = PBXSourcesBuildPhase;
			buildActionMask = 2147483647;
			files = (
				9F867C9F22733CE1001DEF8D /* ViewController.swift in Sources */,
				9F867C9D22733CE1001DEF8D /* AppDelegate.swift in Sources */,
			);
			runOnlyForDeploymentPostprocessing = 0;
		};
/* End PBXSourcesBuildPhase section */

/* Begin PBXVariantGroup section */
		9F867CA022733CE1001DEF8D /* Main.storyboard */ = {
			isa = PBXVariantGroup;
			children = (
				9F867CA122733CE1001DEF8D /* Base */,
			);
			name = Main.storyboard;
			sourceTree = "<group>";
		};
		9F867CA522733CE5001DEF8D /* LaunchScreen.storyboard */ = {
			isa = PBXVariantGroup;
			children = (
				9F867CA622733CE5001DEF8D /* Base */,
			);
			name = LaunchScreen.storyboard;
			sourceTree = "<group>";
		};
/* End PBXVariantGroup section */

/* Begin XCBuildConfiguration section */
		9F867CA922733CE5001DEF8D /* Debug */ = {
			isa = XCBuildConfiguration;
			buildSettings = {
				ALWAYS_SEARCH_USER_PATHS = NO;
				CLANG_ANALYZER_NONNULL = YES;
				CLANG_ANALYZER_NUMBER_OBJECT_CONVERSION = YES_AGGRESSIVE;
				CLANG_CXX_LANGUAGE_STANDARD = "gnu++14";
				CLANG_CXX_LIBRARY = "libc++";
				CLANG_ENABLE_MODULES = YES;
				CLANG_ENABLE_OBJC_ARC = YES;
				CLANG_ENABLE_OBJC_WEAK = YES;
				CLANG_WARN_BLOCK_CAPTURE_AUTORELEASING = YES;
				CLANG_WARN_BOOL_CONVERSION = YES;
				CLANG_WARN_COMMA = YES;
				CLANG_WARN_CONSTANT_CONVERSION = YES;
				CLANG_WARN_DEPRECATED_OBJC_IMPLEMENTATIONS = YES;
				CLANG_WARN_DIRECT_OBJC_ISA_USAGE = YES_ERROR;
				CLANG_WARN_DOCUMENTATION_COMMENTS = YES;
				CLANG_WARN_EMPTY_BODY = YES;
				CLANG_WARN_ENUM_CONVERSION = YES;
				CLANG_WARN_INFINITE_RECURSION = YES;
				CLANG_WARN_INT_CONVERSION = YES;
				CLANG_WARN_NON_LITERAL_NULL_CONVERSION = YES;
				CLANG_WARN_OBJC_IMPLICIT_RETAIN_SELF = YES;
				CLANG_WARN_OBJC_LITERAL_CONVERSION = YES;
				CLANG_WARN_OBJC_ROOT_CLASS = YES_ERROR;
				CLANG_WARN_RANGE_LOOP_ANALYSIS = YES;
				CLANG_WARN_STRICT_PROTOTYPES = YES;
				CLANG_WARN_SUSPICIOUS_MOVE = YES;
				CLANG_WARN_UNGUARDED_AVAILABILITY = YES_AGGRESSIVE;
				CLANG_WARN_UNREACHABLE_CODE = YES;
				CLANG_WARN__DUPLICATE_METHOD_MATCH = YES;
				CODE_SIGN_IDENTITY = "iPhone Developer";
				COPY_PHASE_STRIP = NO;
				DEBUG_INFORMATION_FORMAT = dwarf;
				ENABLE_STRICT_OBJC_MSGSEND = YES;
				ENABLE_TESTABILITY = YES;
				GCC_C_LANGUAGE_STANDARD = gnu11;
				GCC_DYNAMIC_NO_PIC = NO;
				GCC_NO_COMMON_BLOCKS = YES;
				GCC_OPTIMIZATION_LEVEL = 0;
				GCC_PREPROCESSOR_DEFINITIONS = (
					"DEBUG=1",
					"$(inherited)",
				);
				GCC_WARN_64_TO_32_BIT_CONVERSION = YES;
				GCC_WARN_ABOUT_RETURN_TYPE = YES_ERROR;
				GCC_WARN_UNDECLARED_SELECTOR = YES;
				GCC_WARN_UNINITIALIZED_AUTOS = YES_AGGRESSIVE;
				GCC_WARN_UNUSED_FUNCTION = YES;
				GCC_WARN_UNUSED_VARIABLE = YES;
				IPHONEOS_DEPLOYMENT_TARGET = 12.1;
				MTL_ENABLE_DEBUG_INFO = INCLUDE_SOURCE;
				MTL_FAST_MATH = YES;
				ONLY_ACTIVE_ARCH = YES;
				SDKROOT = iphoneos;
				SWIFT_ACTIVE_COMPILATION_CONDITIONS = DEBUG;
				SWIFT_OPTIMIZATION_LEVEL = "-Onone";
			};
			name = Debug;
		};
		9F867CAA22733CE5001DEF8D /* Release */ = {
			isa = XCBuildConfiguration;
			buildSettings = {
				ALWAYS_SEARCH_USER_PATHS = NO;
				CLANG_ANALYZER_NONNULL = YES;
				CLANG_ANALYZER_NUMBER_OBJECT_CONVERSION = YES_AGGRESSIVE;
				CLANG_CXX_LANGUAGE_STANDARD = "gnu++14";
				CLANG_CXX_LIBRARY = "libc++";
				CLANG_ENABLE_MODULES = YES;
				CLANG_ENABLE_OBJC_ARC = YES;
				CLANG_ENABLE_OBJC_WEAK = YES;
				CLANG_WARN_BLOCK_CAPTURE_AUTORELEASING = YES;
				CLANG_WARN_BOOL_CONVERSION = YES;
				CLANG_WARN_COMMA = YES;
				CLANG_WARN_CONSTANT_CONVERSION = YES;
				CLANG_WARN_DEPRECATED_OBJC_IMPLEMENTATIONS = YES;
				CLANG_WARN_DIRECT_OBJC_ISA_USAGE = YES_ERROR;
				CLANG_WARN_DOCUMENTATION_COMMENTS = YES;
				CLANG_WARN_EMPTY_BODY = YES;
				CLANG_WARN_ENUM_CONVERSION = YES;
				CLANG_WARN_INFINITE_RECURSION = YES;
				CLANG_WARN_INT_CONVERSION = YES;
				CLANG_WARN_NON_LITERAL_NULL_CONVERSION = YES;
				CLANG_WARN_OBJC_IMPLICIT_RETAIN_SELF = YES;
				CLANG_WARN_OBJC_LITERAL_CONVERSION = YES;
				CLANG_WARN_OBJC_ROOT_CLASS = YES_ERROR;
				CLANG_WARN_RANGE_LOOP_ANALYSIS = YES;
				CLANG_WARN_STRICT_PROTOTYPES = YES;
				CLANG_WARN_SUSPICIOUS_MOVE = YES;
				CLANG_WARN_UNGUARDED_AVAILABILITY = YES_AGGRESSIVE;
				CLANG_WARN_UNREACHABLE_CODE = YES;
				CLANG_WARN__DUPLICATE_METHOD_MATCH = YES;
				CODE_SIGN_IDENTITY = "iPhone Developer";
				COPY_PHASE_STRIP = NO;
				DEBUG_INFORMATION_FORMAT = "dwarf-with-dsym";
				ENABLE_NS_ASSERTIONS = NO;
				ENABLE_STRICT_OBJC_MSGSEND = YES;
				GCC_C_LANGUAGE_STANDARD = gnu11;
				GCC_NO_COMMON_BLOCKS = YES;
				GCC_WARN_64_TO_32_BIT_CONVERSION = YES;
				GCC_WARN_ABOUT_RETURN_TYPE = YES_ERROR;
				GCC_WARN_UNDECLARED_SELECTOR = YES;
				GCC_WARN_UNINITIALIZED_AUTOS = YES_AGGRESSIVE;
				GCC_WARN_UNUSED_FUNCTION = YES;
				GCC_WARN_UNUSED_VARIABLE = YES;
				IPHONEOS_DEPLOYMENT_TARGET = 12.1;
				MTL_ENABLE_DEBUG_INFO = NO;
				MTL_FAST_MATH = YES;
				SDKROOT = iphoneos;
				SWIFT_COMPILATION_MODE = wholemodule;
				SWIFT_OPTIMIZATION_LEVEL = "-O";
				VALIDATE_PRODUCT = YES;
			};
			name = Release;
		};
		9F867CAC22733CE5001DEF8D /* Debug */ = {
			isa = XCBuildConfiguration;
			baseConfigurationReference = DB04B66BB9E854FEEAA92493 /* Pods-SnapKit_Demo.debug.xcconfig */;
			buildSettings = {
				ASSETCATALOG_COMPILER_APPICON_NAME = AppIcon;
				CODE_SIGN_STYLE = Automatic;
				INFOPLIST_FILE = SnapKit_Demo/Info.plist;
				LD_RUNPATH_SEARCH_PATHS = (
					"$(inherited)",
					"@executable_path/Frameworks",
				);
				PRODUCT_BUNDLE_IDENTIFIER = "GREEN.SnapKit-Demo";
				PRODUCT_NAME = "$(TARGET_NAME)";
				SWIFT_VERSION = 4.2;
				TARGETED_DEVICE_FAMILY = "1,2";
			};
			name = Debug;
		};
		9F867CAD22733CE5001DEF8D /* Release */ = {
			isa = XCBuildConfiguration;
			baseConfigurationReference = 09F9F54EEC6AABD3A40F32DF /* Pods-SnapKit_Demo.release.xcconfig */;
			buildSettings = {
				ASSETCATALOG_COMPILER_APPICON_NAME = AppIcon;
				CODE_SIGN_STYLE = Automatic;
				INFOPLIST_FILE = SnapKit_Demo/Info.plist;
				LD_RUNPATH_SEARCH_PATHS = (
					"$(inherited)",
					"@executable_path/Frameworks",
				);
				PRODUCT_BUNDLE_IDENTIFIER = "GREEN.SnapKit-Demo";
				PRODUCT_NAME = "$(TARGET_NAME)";
				SWIFT_VERSION = 4.2;
				TARGETED_DEVICE_FAMILY = "1,2";
			};
			name = Release;
		};
/* End XCBuildConfiguration section */

/* Begin XCConfigurationList section */
		9F867C9422733CE1001DEF8D /* Build configuration list for PBXProject "SnapKit_Demo" */ = {
			isa = XCConfigurationList;
			buildConfigurations = (
				9F867CA922733CE5001DEF8D /* Debug */,
				9F867CAA22733CE5001DEF8D /* Release */,
			);
			defaultConfigurationIsVisible = 0;
			defaultConfigurationName = Release;
		};
		9F867CAB22733CE5001DEF8D /* Build configuration list for PBXNativeTarget "SnapKit_Demo" */ = {
			isa = XCConfigurationList;
			buildConfigurations = (
				9F867CAC22733CE5001DEF8D /* Debug */,
				9F867CAD22733CE5001DEF8D /* Release */,
			);
			defaultConfigurationIsVisible = 0;
			defaultConfigurationName = Release;
		};
/* End XCConfigurationList section */
	};
	rootObject = 9F867C9122733CE1001DEF8D /* Project object */;
}
